// !$*UTF8*$!
{
	archiveVersion = 1;
	classes = {
	};
	objectVersion = 50;
	objects = {

/* Begin PBXBuildFile section */
		7C3B095026D9778300B0DB3F /* RecipeTabView.swift in Sources */ = {isa = PBXBuildFile; fileRef = 7C3B094F26D9778300B0DB3F /* RecipeTabView.swift */; };
		7C727B4F26D858650059716C /* RecipeDetailView.swift in Sources */ = {isa = PBXBuildFile; fileRef = 7C727B4E26D858650059716C /* RecipeDetailView.swift */; };
		7C7EDD6226D625C700E454A5 /* RecipeListApp.swift in Sources */ = {isa = PBXBuildFile; fileRef = 7C7EDD6126D625C700E454A5 /* RecipeListApp.swift */; };
		7C7EDD6426D625C700E454A5 /* RecipeListView.swift in Sources */ = {isa = PBXBuildFile; fileRef = 7C7EDD6326D625C700E454A5 /* RecipeListView.swift */; };
		7C7EDD6626D625C900E454A5 /* Assets.xcassets in Resources */ = {isa = PBXBuildFile; fileRef = 7C7EDD6526D625C900E454A5 /* Assets.xcassets */; };
		7C7EDD6926D625C900E454A5 /* Preview Assets.xcassets in Resources */ = {isa = PBXBuildFile; fileRef = 7C7EDD6826D625C900E454A5 /* Preview Assets.xcassets */; };
		7C86670526D6DAFD00E5A434 /* recipes.json in Resources */ = {isa = PBXBuildFile; fileRef = 7C86670426D6DAFD00E5A434 /* recipes.json */; };
		7C86670726D6DB9F00E5A434 /* Recipe.swift in Sources */ = {isa = PBXBuildFile; fileRef = 7C86670626D6DB9F00E5A434 /* Recipe.swift */; };
		7C86670926D6DFBC00E5A434 /* RecipeModel.swift in Sources */ = {isa = PBXBuildFile; fileRef = 7C86670826D6DFBC00E5A434 /* RecipeModel.swift */; };
		7C86670D26D6E71C00E5A434 /* DataService.swift in Sources */ = {isa = PBXBuildFile; fileRef = 7C86670C26D6E71C00E5A434 /* DataService.swift */; };
		7C960B9126DC893B001F5956 /* RecipeFeaturedView.swift in Sources */ = {isa = PBXBuildFile; fileRef = 7C960B9026DC893B001F5956 /* RecipeFeaturedView.swift */; };
/* End PBXBuildFile section */

/* Begin PBXFileReference section */
		7C3B094F26D9778300B0DB3F /* RecipeTabView.swift */ = {isa = PBXFileReference; lastKnownFileType = sourcecode.swift; path = RecipeTabView.swift; sourceTree = "<group>"; };
		7C727B4E26D858650059716C /* RecipeDetailView.swift */ = {isa = PBXFileReference; lastKnownFileType = sourcecode.swift; path = RecipeDetailView.swift; sourceTree = "<group>"; };
		7C7EDD5E26D625C700E454A5 /* RecipeListApp.app */ = {isa = PBXFileReference; explicitFileType = wrapper.application; includeInIndex = 0; path = RecipeListApp.app; sourceTree = BUILT_PRODUCTS_DIR; };
		7C7EDD6126D625C700E454A5 /* RecipeListApp.swift */ = {isa = PBXFileReference; lastKnownFileType = sourcecode.swift; path = RecipeListApp.swift; sourceTree = "<group>"; };
		7C7EDD6326D625C700E454A5 /* RecipeListView.swift */ = {isa = PBXFileReference; lastKnownFileType = sourcecode.swift; path = RecipeListView.swift; sourceTree = "<group>"; };
		7C7EDD6526D625C900E454A5 /* Assets.xcassets */ = {isa = PBXFileReference; lastKnownFileType = folder.assetcatalog; path = Assets.xcassets; sourceTree = "<group>"; };
		7C7EDD6826D625C900E454A5 /* Preview Assets.xcassets */ = {isa = PBXFileReference; lastKnownFileType = folder.assetcatalog; path = "Preview Assets.xcassets"; sourceTree = "<group>"; };
		7C7EDD6A26D625C900E454A5 /* Info.plist */ = {isa = PBXFileReference; lastKnownFileType = text.plist.xml; path = Info.plist; sourceTree = "<group>"; };
		7C86670426D6DAFD00E5A434 /* recipes.json */ = {isa = PBXFileReference; fileEncoding = 4; lastKnownFileType = text.json; path = recipes.json; sourceTree = "<group>"; };
		7C86670626D6DB9F00E5A434 /* Recipe.swift */ = {isa = PBXFileReference; lastKnownFileType = sourcecode.swift; path = Recipe.swift; sourceTree = "<group>"; };
		7C86670826D6DFBC00E5A434 /* RecipeModel.swift */ = {isa = PBXFileReference; lastKnownFileType = sourcecode.swift; path = RecipeModel.swift; sourceTree = "<group>"; };
		7C86670C26D6E71C00E5A434 /* DataService.swift */ = {isa = PBXFileReference; lastKnownFileType = sourcecode.swift; path = DataService.swift; sourceTree = "<group>"; };
		7C960B9026DC893B001F5956 /* RecipeFeaturedView.swift */ = {isa = PBXFileReference; lastKnownFileType = sourcecode.swift; path = RecipeFeaturedView.swift; sourceTree = "<group>"; };
/* End PBXFileReference section */

/* Begin PBXFrameworksBuildPhase section */
		7C7EDD5B26D625C700E454A5 /* Frameworks */ = {
			isa = PBXFrameworksBuildPhase;
			buildActionMask = 2147483647;
			files = (
			);
			runOnlyForDeploymentPostprocessing = 0;
		};
/* End PBXFrameworksBuildPhase section */

/* Begin PBXGroup section */
		7C7EDD5526D625C700E454A5 = {
			isa = PBXGroup;
			children = (
				7C7EDD6026D625C700E454A5 /* RecipeListApp */,
				7C7EDD5F26D625C700E454A5 /* Products */,
			);
			sourceTree = "<group>";
		};
		7C7EDD5F26D625C700E454A5 /* Products */ = {
			isa = PBXGroup;
			children = (
				7C7EDD5E26D625C700E454A5 /* RecipeListApp.app */,
			);
			name = Products;
			sourceTree = "<group>";
		};
		7C7EDD6026D625C700E454A5 /* RecipeListApp */ = {
			isa = PBXGroup;
			children = (
				7C7EDD6126D625C700E454A5 /* RecipeListApp.swift */,
				7C7EDD7026D625FC00E454A5 /* Views */,
				7C7EDD7226D6260800E454A5 /* ViewModels */,
				7C7EDD7126D6260100E454A5 /* Models */,
				7C7EDD7426D6261900E454A5 /* Services */,
				7C7EDD7326D6261300E454A5 /* Data */,
				7C7EDD6526D625C900E454A5 /* Assets.xcassets */,
				7C7EDD6A26D625C900E454A5 /* Info.plist */,
				7C7EDD6726D625C900E454A5 /* Preview Content */,
			);
			path = RecipeListApp;
			sourceTree = "<group>";
		};
		7C7EDD6726D625C900E454A5 /* Preview Content */ = {
			isa = PBXGroup;
			children = (
				7C7EDD6826D625C900E454A5 /* Preview Assets.xcassets */,
			);
			path = "Preview Content";
			sourceTree = "<group>";
		};
		7C7EDD7026D625FC00E454A5 /* Views */ = {
			isa = PBXGroup;
			children = (
				7C7EDD6326D625C700E454A5 /* RecipeListView.swift */,
				7C727B4E26D858650059716C /* RecipeDetailView.swift */,
				7C3B094F26D9778300B0DB3F /* RecipeTabView.swift */,
				7C960B9026DC893B001F5956 /* RecipeFeaturedView.swift */,
			);
			path = Views;
			sourceTree = "<group>";
		};
		7C7EDD7126D6260100E454A5 /* Models */ = {
			isa = PBXGroup;
			children = (
				7C86670626D6DB9F00E5A434 /* Recipe.swift */,
			);
			path = Models;
			sourceTree = "<group>";
		};
		7C7EDD7226D6260800E454A5 /* ViewModels */ = {
			isa = PBXGroup;
			children = (
				7C86670826D6DFBC00E5A434 /* RecipeModel.swift */,
			);
			path = ViewModels;
			sourceTree = "<group>";
		};
		7C7EDD7326D6261300E454A5 /* Data */ = {
			isa = PBXGroup;
			children = (
				7C86670426D6DAFD00E5A434 /* recipes.json */,
			);
			path = Data;
			sourceTree = "<group>";
		};
		7C7EDD7426D6261900E454A5 /* Services */ = {
			isa = PBXGroup;
			children = (
				7C86670C26D6E71C00E5A434 /* DataService.swift */,
			);
			path = Services;
			sourceTree = "<group>";
		};
/* End PBXGroup section */

/* Begin PBXNativeTarget section */
		7C7EDD5D26D625C700E454A5 /* RecipeListApp */ = {
			isa = PBXNativeTarget;
			buildConfigurationList = 7C7EDD6D26D625C900E454A5 /* Build configuration list for PBXNativeTarget "RecipeListApp" */;
			buildPhases = (
				7C7EDD5A26D625C700E454A5 /* Sources */,
				7C7EDD5B26D625C700E454A5 /* Frameworks */,
				7C7EDD5C26D625C700E454A5 /* Resources */,
			);
			buildRules = (
			);
			dependencies = (
			);
			name = RecipeListApp;
			productName = RecipeListApp;
			productReference = 7C7EDD5E26D625C700E454A5 /* RecipeListApp.app */;
			productType = "com.apple.product-type.application";
		};
/* End PBXNativeTarget section */

/* Begin PBXProject section */
		7C7EDD5626D625C700E454A5 /* Project object */ = {
			isa = PBXProject;
			attributes = {
				LastSwiftUpdateCheck = 1250;
				LastUpgradeCheck = 1250;
				TargetAttributes = {
					7C7EDD5D26D625C700E454A5 = {
						CreatedOnToolsVersion = 12.5.1;
					};
				};
			};
			buildConfigurationList = 7C7EDD5926D625C700E454A5 /* Build configuration list for PBXProject "RecipeListApp" */;
			compatibilityVersion = "Xcode 9.3";
			developmentRegion = en;
			hasScannedForEncodings = 0;
			knownRegions = (
				en,
				Base,
			);
			mainGroup = 7C7EDD5526D625C700E454A5;
			productRefGroup = 7C7EDD5F26D625C700E454A5 /* Products */;
			projectDirPath = "";
			projectRoot = "";
			targets = (
				7C7EDD5D26D625C700E454A5 /* RecipeListApp */,
			);
		};
/* End PBXProject section */

/* Begin PBXResourcesBuildPhase section */
		7C7EDD5C26D625C700E454A5 /* Resources */ = {
			isa = PBXResourcesBuildPhase;
			buildActionMask = 2147483647;
			files = (
				7C7EDD6926D625C900E454A5 /* Preview Assets.xcassets in Resources */,
				7C86670526D6DAFD00E5A434 /* recipes.json in Resources */,
				7C7EDD6626D625C900E454A5 /* Assets.xcassets in Resources */,
			);
			runOnlyForDeploymentPostprocessing = 0;
		};
/* End PBXResourcesBuildPhase section */

/* Begin PBXSourcesBuildPhase section */
		7C7EDD5A26D625C700E454A5 /* Sources */ = {
			isa = PBXSourcesBuildPhase;
			buildActionMask = 2147483647;
			files = (
				7C86670726D6DB9F00E5A434 /* Recipe.swift in Sources */,
				7C727B4F26D858650059716C /* RecipeDetailView.swift in Sources */,
				7C960B9126DC893B001F5956 /* RecipeFeaturedView.swift in Sources */,
				7C86670926D6DFBC00E5A434 /* RecipeModel.swift in Sources */,
				7C7EDD6426D625C700E454A5 /* RecipeListView.swift in Sources */,
				7C7EDD6226D625C700E454A5 /* RecipeListApp.swift in Sources */,
				7C86670D26D6E71C00E5A434 /* DataService.swift in Sources */,
				7C3B095026D9778300B0DB3F /* RecipeTabView.swift in Sources */,
			);
			runOnlyForDeploymentPostprocessing = 0;
		};
/* End PBXSourcesBuildPhase section */

/* Begin XCBuildConfiguration section */
		7C7EDD6B26D625C900E454A5 /* Debug */ = {
			isa = XCBuildConfiguration;
			buildSettings = {
				ALWAYS_SEARCH_USER_PATHS = NO;
				CLANG_ANALYZER_NONNULL = YES;
				CLANG_ANALYZER_NUMBER_OBJECT_CONVERSION = YES_AGGRESSIVE;
				CLANG_CXX_LANGUAGE_STANDARD = "gnu++14";
				CLANG_CXX_LIBRARY = "libc++";
				CLANG_ENABLE_MODULES = YES;
				CLANG_ENABLE_OBJC_ARC = YES;
				CLANG_ENABLE_OBJC_WEAK = YES;
				CLANG_WARN_BLOCK_CAPTURE_AUTORELEASING = YES;
				CLANG_WARN_BOOL_CONVERSION = YES;
				CLANG_WARN_COMMA = YES;
				CLANG_WARN_CONSTANT_CONVERSION = YES;
				CLANG_WARN_DEPRECATED_OBJC_IMPLEMENTATIONS = YES;
				CLANG_WARN_DIRECT_OBJC_ISA_USAGE = YES_ERROR;
				CLANG_WARN_DOCUMENTATION_COMMENTS = YES;
				CLANG_WARN_EMPTY_BODY = YES;
				CLANG_WARN_ENUM_CONVERSION = YES;
				CLANG_WARN_INFINITE_RECURSION = YES;
				CLANG_WARN_INT_CONVERSION = YES;
				CLANG_WARN_NON_LITERAL_NULL_CONVERSION = YES;
				CLANG_WARN_OBJC_IMPLICIT_RETAIN_SELF = YES;
				CLANG_WARN_OBJC_LITERAL_CONVERSION = YES;
				CLANG_WARN_OBJC_ROOT_CLASS = YES_ERROR;
				CLANG_WARN_QUOTED_INCLUDE_IN_FRAMEWORK_HEADER = YES;
				CLANG_WARN_RANGE_LOOP_ANALYSIS = YES;
				CLANG_WARN_STRICT_PROTOTYPES = YES;
				CLANG_WARN_SUSPICIOUS_MOVE = YES;
				CLANG_WARN_UNGUARDED_AVAILABILITY = YES_AGGRESSIVE;
				CLANG_WARN_UNREACHABLE_CODE = YES;
				CLANG_WARN__DUPLICATE_METHOD_MATCH = YES;
				COPY_PHASE_STRIP = NO;
				DEBUG_INFORMATION_FORMAT = dwarf;
				ENABLE_STRICT_OBJC_MSGSEND = YES;
				ENABLE_TESTABILITY = YES;
				GCC_C_LANGUAGE_STANDARD = gnu11;
				GCC_DYNAMIC_NO_PIC = NO;
				GCC_NO_COMMON_BLOCKS = YES;
				GCC_OPTIMIZATION_LEVEL = 0;
				GCC_PREPROCESSOR_DEFINITIONS = (
					"DEBUG=1",
					"$(inherited)",
				);
				GCC_WARN_64_TO_32_BIT_CONVERSION = YES;
				GCC_WARN_ABOUT_RETURN_TYPE = YES_ERROR;
				GCC_WARN_UNDECLARED_SELECTOR = YES;
				GCC_WARN_UNINITIALIZED_AUTOS = YES_AGGRESSIVE;
				GCC_WARN_UNUSED_FUNCTION = YES;
				GCC_WARN_UNUSED_VARIABLE = YES;
				IPHONEOS_DEPLOYMENT_TARGET = 14.5;
				MTL_ENABLE_DEBUG_INFO = INCLUDE_SOURCE;
				MTL_FAST_MATH = YES;
				ONLY_ACTIVE_ARCH = YES;
				SDKROOT = iphoneos;
				SWIFT_ACTIVE_COMPILATION_CONDITIONS = DEBUG;
				SWIFT_OPTIMIZATION_LEVEL = "-Onone";
			};
			name = Debug;
		};
		7C7EDD6C26D625C900E454A5 /* Release */ = {
			isa = XCBuildConfiguration;
			buildSettings = {
				ALWAYS_SEARCH_USER_PATHS = NO;
				CLANG_ANALYZER_NONNULL = YES;
				CLANG_ANALYZER_NUMBER_OBJECT_CONVERSION = YES_AGGRESSIVE;
				CLANG_CXX_LANGUAGE_STANDARD = "gnu++14";
				CLANG_CXX_LIBRARY = "libc++";
				CLANG_ENABLE_MODULES = YES;
				CLANG_ENABLE_OBJC_ARC = YES;
				CLANG_ENABLE_OBJC_WEAK = YES;
				CLANG_WARN_BLOCK_CAPTURE_AUTORELEASING = YES;
				CLANG_WARN_BOOL_CONVERSION = YES;
				CLANG_WARN_COMMA = YES;
				CLANG_WARN_CONSTANT_CONVERSION = YES;
				CLANG_WARN_DEPRECATED_OBJC_IMPLEMENTATIONS = YES;
				CLANG_WARN_DIRECT_OBJC_ISA_USAGE = YES_ERROR;
				CLANG_WARN_DOCUMENTATION_COMMENTS = YES;
				CLANG_WARN_EMPTY_BODY = YES;
				CLANG_WARN_ENUM_CONVERSION = YES;
				CLANG_WARN_INFINITE_RECURSION = YES;
				CLANG_WARN_INT_CONVERSION = YES;
				CLANG_WARN_NON_LITERAL_NULL_CONVERSION = YES;
				CLANG_WARN_OBJC_IMPLICIT_RETAIN_SELF = YES;
				CLANG_WARN_OBJC_LITERAL_CONVERSION = YES;
				CLANG_WARN_OBJC_ROOT_CLASS = YES_ERROR;
				CLANG_WARN_QUOTED_INCLUDE_IN_FRAMEWORK_HEADER = YES;
				CLANG_WARN_RANGE_LOOP_ANALYSIS = YES;
				CLANG_WARN_STRICT_PROTOTYPES = YES;
				CLANG_WARN_SUSPICIOUS_MOVE = YES;
				CLANG_WARN_UNGUARDED_AVAILABILITY = YES_AGGRESSIVE;
				CLANG_WARN_UNREACHABLE_CODE = YES;
				CLANG_WARN__DUPLICATE_METHOD_MATCH = YES;
				COPY_PHASE_STRIP = NO;
				DEBUG_INFORMATION_FORMAT = "dwarf-with-dsym";
				ENABLE_NS_ASSERTIONS = NO;
				ENABLE_STRICT_OBJC_MSGSEND = YES;
				GCC_C_LANGUAGE_STANDARD = gnu11;
				GCC_NO_COMMON_BLOCKS = YES;
				GCC_WARN_64_TO_32_BIT_CONVERSION = YES;
				GCC_WARN_ABOUT_RETURN_TYPE = YES_ERROR;
				GCC_WARN_UNDECLARED_SELECTOR = YES;
				GCC_WARN_UNINITIALIZED_AUTOS = YES_AGGRESSIVE;
				GCC_WARN_UNUSED_FUNCTION = YES;
				GCC_WARN_UNUSED_VARIABLE = YES;
				IPHONEOS_DEPLOYMENT_TARGET = 14.5;
				MTL_ENABLE_DEBUG_INFO = NO;
				MTL_FAST_MATH = YES;
				SDKROOT = iphoneos;
				SWIFT_COMPILATION_MODE = wholemodule;
				SWIFT_OPTIMIZATION_LEVEL = "-O";
				VALIDATE_PRODUCT = YES;
			};
			name = Release;
		};
		7C7EDD6E26D625C900E454A5 /* Debug */ = {
			isa = XCBuildConfiguration;
			buildSettings = {
				ASSETCATALOG_COMPILER_APPICON_NAME = AppIcon;
				ASSETCATALOG_COMPILER_GLOBAL_ACCENT_COLOR_NAME = AccentColor;
				CODE_SIGN_STYLE = Automatic;
				DEVELOPMENT_ASSET_PATHS = "\"RecipeListApp/Preview Content\"";
				DEVELOPMENT_TEAM = 8J2GB87TCP;
				ENABLE_PREVIEWS = YES;
				INFOPLIST_FILE = RecipeListApp/Info.plist;
				IPHONEOS_DEPLOYMENT_TARGET = 14.0;
				LD_RUNPATH_SEARCH_PATHS = (
					"$(inherited)",
					"@executable_path/Frameworks",
				);
				PRODUCT_BUNDLE_IDENTIFIER = JeeZ.RecipeListApp;
				PRODUCT_NAME = "$(TARGET_NAME)";
				SWIFT_VERSION = 5.0;
				TARGETED_DEVICE_FAMILY = "1,2";
			};
			name = Debug;
		};
		7C7EDD6F26D625C900E454A5 /* Release */ = {
			isa = XCBuildConfiguration;
			buildSettings = {
				ASSETCATALOG_COMPILER_APPICON_NAME = AppIcon;
				ASSETCATALOG_COMPILER_GLOBAL_ACCENT_COLOR_NAME = AccentColor;
				CODE_SIGN_STYLE = Automatic;
				DEVELOPMENT_ASSET_PATHS = "\"RecipeListApp/Preview Content\"";
				DEVELOPMENT_TEAM = 8J2GB87TCP;
				ENABLE_PREVIEWS = YES;
				INFOPLIST_FILE = RecipeListApp/Info.plist;
				IPHONEOS_DEPLOYMENT_TARGET = 14.0;
				LD_RUNPATH_SEARCH_PATHS = (
					"$(inherited)",
					"@executable_path/Frameworks",
				);
				PRODUCT_BUNDLE_IDENTIFIER = JeeZ.RecipeListApp;
				PRODUCT_NAME = "$(TARGET_NAME)";
				SWIFT_VERSION = 5.0;
				TARGETED_DEVICE_FAMILY = "1,2";
			};
			name = Release;
		};
/* End XCBuildConfiguration section */

/* Begin XCConfigurationList section */
		7C7EDD5926D625C700E454A5 /* Build configuration list for PBXProject "RecipeListApp" */ = {
			isa = XCConfigurationList;
			buildConfigurations = (
				7C7EDD6B26D625C900E454A5 /* Debug */,
				7C7EDD6C26D625C900E454A5 /* Release */,
			);
			defaultConfigurationIsVisible = 0;
			defaultConfigurationName = Release;
		};
		7C7EDD6D26D625C900E454A5 /* Build configuration list for PBXNativeTarget "RecipeListApp" */ = {
			isa = XCConfigurationList;
			buildConfigurations = (
				7C7EDD6E26D625C900E454A5 /* Debug */,
				7C7EDD6F26D625C900E454A5 /* Release */,
			);
			defaultConfigurationIsVisible = 0;
			defaultConfigurationName = Release;
		};
/* End XCConfigurationList section */
	};
	rootObject = 7C7EDD5626D625C700E454A5 /* Project object */;
}
